
Microsoft Visual Studio Solution File, Format Version 12.00
# Visual Studio 14
VisualStudioVersion = 14.0.25420.1
MinimumVisualStudioVersion = 10.0.40219.1
Project("{FAE04EC0-301F-11D3-BF4B-00C04F79EFBC}") = "Client", "Client\Client.csproj", "{10F98DE9-4829-4E51-812F-5AC24C86B937}"
EndProject
Project("{FAE04EC0-301F-11D3-BF4B-00C04F79EFBC}") = "DBManagers", "DBManagers\DBManagers.csproj", "{62A9D2D3-DBF8-4ABE-9A79-4BF45091BBC5}"
EndProject
Project("{FAE04EC0-301F-11D3-BF4B-00C04F79EFBC}") = "Interfaces", "Interfaces\Interfaces.csproj", "{333C6C92-8717-4FC2-A46A-743176636E73}"
EndProject
Project("{2150E333-8FDC-42A3-9474-1A3956D46DE8}") = "ClientExclusives", "ClientExclusives", "{B7E25D27-7DAE-4D52-ABC7-55E0C472F566}"
EndProject
Project("{FAE04EC0-301F-11D3-BF4B-00C04F79EFBC}") = "Sockets", "Sockets\Sockets.csproj", "{7BB6DECA-1221-43C1-88A2-65DF27A8259F}"
EndProject
Project("{FAE04EC0-301F-11D3-BF4B-00C04F79EFBC}") = "Views", "Views\Views.csproj", "{4B2E59C5-1C57-4500-9FB1-1962A03EA09F}"
EndProject
Project("{2150E333-8FDC-42A3-9474-1A3956D46DE8}") = "Commons", "Commons", "{E9AD07A9-06B4-4C53-A490-691B848A14E0}"
EndProject
Project("{FAE04EC0-301F-11D3-BF4B-00C04F79EFBC}") = "AbstractSocket", "..\Commons\AbstractSocket\AbstractSocket.csproj", "{9E04AC68-8AED-4254-9EC0-873258916666}"
EndProject
Project("{FAE04EC0-301F-11D3-BF4B-00C04F79EFBC}") = "CommonInterfaces", "..\Commons\CommonInterfaces\CommonInterfaces.csproj", "{4B0457E4-230B-45D9-AB5F-125BC053BA23}"
EndProject
Project("{FAE04EC0-301F-11D3-BF4B-00C04F79EFBC}") = "CommonHelpers", "..\Commons\Commons\CommonHelpers.csproj", "{F015C7E7-8FC9-48F9-AF00-EEB44B0BEC7C}"
EndProject
Project("{FAE04EC0-301F-11D3-BF4B-00C04F79EFBC}") = "DataClasses", "..\Commons\DataClasses\DataClasses.csproj", "{D304625D-1DF4-4673-801F-66AD7C9D626C}"
EndProject
Project("{FAE04EC0-301F-11D3-BF4B-00C04F79EFBC}") = "Tests", "Tests\Tests.csproj", "{A55963DD-1F52-4524-A080-BCFC1DD9F1C5}"
EndProject
Global
	GlobalSection(SolutionConfigurationPlatforms) = preSolution
		Debug|Any CPU = Debug|Any CPU
		Release|Any CPU = Release|Any CPU
	EndGlobalSection
	GlobalSection(ProjectConfigurationPlatforms) = postSolution
		{10F98DE9-4829-4E51-812F-5AC24C86B937}.Debug|Any CPU.ActiveCfg = Debug|Any CPU
		{10F98DE9-4829-4E51-812F-5AC24C86B937}.Debug|Any CPU.Build.0 = Debug|Any CPU
		{10F98DE9-4829-4E51-812F-5AC24C86B937}.Release|Any CPU.ActiveCfg = Release|Any CPU
		{10F98DE9-4829-4E51-812F-5AC24C86B937}.Release|Any CPU.Build.0 = Release|Any CPU
		{62A9D2D3-DBF8-4ABE-9A79-4BF45091BBC5}.Debug|Any CPU.ActiveCfg = Debug|Any CPU
		{62A9D2D3-DBF8-4ABE-9A79-4BF45091BBC5}.Debug|Any CPU.Build.0 = Debug|Any CPU
		{62A9D2D3-DBF8-4ABE-9A79-4BF45091BBC5}.Release|Any CPU.ActiveCfg = Release|Any CPU
		{62A9D2D3-DBF8-4ABE-9A79-4BF45091BBC5}.Release|Any CPU.Build.0 = Release|Any CPU
		{333C6C92-8717-4FC2-A46A-743176636E73}.Debug|Any CPU.ActiveCfg = Debug|Any CPU
		{333C6C92-8717-4FC2-A46A-743176636E73}.Debug|Any CPU.Build.0 = Debug|Any CPU
		{333C6C92-8717-4FC2-A46A-743176636E73}.Release|Any CPU.ActiveCfg = Release|Any CPU
		{333C6C92-8717-4FC2-A46A-743176636E73}.Release|Any CPU.Build.0 = Release|Any CPU
		{7BB6DECA-1221-43C1-88A2-65DF27A8259F}.Debug|Any CPU.ActiveCfg = Debug|Any CPU
		{7BB6DECA-1221-43C1-88A2-65DF27A8259F}.Debug|Any CPU.Build.0 = Debug|Any CPU
		{7BB6DECA-1221-43C1-88A2-65DF27A8259F}.Release|Any CPU.ActiveCfg = Release|Any CPU
		{7BB6DECA-1221-43C1-88A2-65DF27A8259F}.Release|Any CPU.Build.0 = Release|Any CPU
		{4B2E59C5-1C57-4500-9FB1-1962A03EA09F}.Debug|Any CPU.ActiveCfg = Debug|Any CPU
		{4B2E59C5-1C57-4500-9FB1-1962A03EA09F}.Debug|Any CPU.Build.0 = Debug|Any CPU
		{4B2E59C5-1C57-4500-9FB1-1962A03EA09F}.Release|Any CPU.ActiveCfg = Release|Any CPU
		{4B2E59C5-1C57-4500-9FB1-1962A03EA09F}.Release|Any CPU.Build.0 = Release|Any CPU
		{9E04AC68-8AED-4254-9EC0-873258916666}.Debug|Any CPU.ActiveCfg = Debug|Any CPU
		{9E04AC68-8AED-4254-9EC0-873258916666}.Debug|Any CPU.Build.0 = Debug|Any CPU
		{9E04AC68-8AED-4254-9EC0-873258916666}.Release|Any CPU.ActiveCfg = Release|Any CPU
		{9E04AC68-8AED-4254-9EC0-873258916666}.Release|Any CPU.Build.0 = Release|Any CPU
		{4B0457E4-230B-45D9-AB5F-125BC053BA23}.Debug|Any CPU.ActiveCfg = Debug|Any CPU
		{4B0457E4-230B-45D9-AB5F-125BC053BA23}.Debug|Any CPU.Build.0 = Debug|Any CPU
		{4B0457E4-230B-45D9-AB5F-125BC053BA23}.Release|Any CPU.ActiveCfg = Release|Any CPU
		{4B0457E4-230B-45D9-AB5F-125BC053BA23}.Release|Any CPU.Build.0 = Release|Any CPU
		{F015C7E7-8FC9-48F9-AF00-EEB44B0BEC7C}.Debug|Any CPU.ActiveCfg = Debug|Any CPU
		{F015C7E7-8FC9-48F9-AF00-EEB44B0BEC7C}.Debug|Any CPU.Build.0 = Debug|Any CPU
		{F015C7E7-8FC9-48F9-AF00-EEB44B0BEC7C}.Release|Any CPU.ActiveCfg = Release|Any CPU
		{F015C7E7-8FC9-48F9-AF00-EEB44B0BEC7C}.Release|Any CPU.Build.0 = Release|Any CPU
		{D304625D-1DF4-4673-801F-66AD7C9D626C}.Debug|Any CPU.ActiveCfg = Debug|Any CPU
		{D304625D-1DF4-4673-801F-66AD7C9D626C}.Debug|Any CPU.Build.0 = Debug|Any CPU
		{D304625D-1DF4-4673-801F-66AD7C9D626C}.Release|Any CPU.ActiveCfg = Release|Any CPU
		{D304625D-1DF4-4673-801F-66AD7C9D626C}.Release|Any CPU.Build.0 = Release|Any CPU
		{A55963DD-1F52-4524-A080-BCFC1DD9F1C5}.Debug|Any CPU.ActiveCfg = Debug|Any CPU
		{A55963DD-1F52-4524-A080-BCFC1DD9F1C5}.Debug|Any CPU.Build.0 = Debug|Any CPU
		{A55963DD-1F52-4524-A080-BCFC1DD9F1C5}.Release|Any CPU.ActiveCfg = Release|Any CPU
		{A55963DD-1F52-4524-A080-BCFC1DD9F1C5}.Release|Any CPU.Build.0 = Release|Any CPU
	EndGlobalSection
	GlobalSection(SolutionProperties) = preSolution
		HideSolutionNode = FALSE
	EndGlobalSection
	GlobalSection(NestedProjects) = preSolution
		{10F98DE9-4829-4E51-812F-5AC24C86B937} = {B7E25D27-7DAE-4D52-ABC7-55E0C472F566}
		{62A9D2D3-DBF8-4ABE-9A79-4BF45091BBC5} = {B7E25D27-7DAE-4D52-ABC7-55E0C472F566}
		{333C6C92-8717-4FC2-A46A-743176636E73} = {B7E25D27-7DAE-4D52-ABC7-55E0C472F566}
		{7BB6DECA-1221-43C1-88A2-65DF27A8259F} = {B7E25D27-7DAE-4D52-ABC7-55E0C472F566}
		{4B2E59C5-1C57-4500-9FB1-1962A03EA09F} = {B7E25D27-7DAE-4D52-ABC7-55E0C472F566}
		{9E04AC68-8AED-4254-9EC0-873258916666} = {E9AD07A9-06B4-4C53-A490-691B848A14E0}
		{4B0457E4-230B-45D9-AB5F-125BC053BA23} = {E9AD07A9-06B4-4C53-A490-691B848A14E0}
		{F015C7E7-8FC9-48F9-AF00-EEB44B0BEC7C} = {E9AD07A9-06B4-4C53-A490-691B848A14E0}
		{D304625D-1DF4-4673-801F-66AD7C9D626C} = {E9AD07A9-06B4-4C53-A490-691B848A14E0}
	EndGlobalSection
EndGlobal
