
Microsoft Visual Studio Solution File, Format Version 12.00
# Visual Studio 14
VisualStudioVersion = 14.0.25420.1
MinimumVisualStudioVersion = 10.0.40219.1
Project("{FAE04EC0-301F-11D3-BF4B-00C04F79EFBC}") = "Server", "Server\Server.csproj", "{316E2666-A258-4FC2-BD77-825C72F84140}"
EndProject
Project("{2150E333-8FDC-42A3-9474-1A3956D46DE8}") = "Commons", "Commons", "{8BA0A615-AAFA-42DA-83F5-B883F59675BF}"
EndProject
Project("{FAE04EC0-301F-11D3-BF4B-00C04F79EFBC}") = "AbstractSocket", "..\Commons\AbstractSocket\AbstractSocket.csproj", "{9E04AC68-8AED-4254-9EC0-873258916666}"
EndProject
Project("{FAE04EC0-301F-11D3-BF4B-00C04F79EFBC}") = "CommonInterfaces", "..\Commons\CommonInterfaces\CommonInterfaces.csproj", "{4B0457E4-230B-45D9-AB5F-125BC053BA23}"
EndProject
Project("{FAE04EC0-301F-11D3-BF4B-00C04F79EFBC}") = "CommonHelpers", "..\Commons\Commons\CommonHelpers.csproj", "{F015C7E7-8FC9-48F9-AF00-EEB44B0BEC7C}"
EndProject
Project("{FAE04EC0-301F-11D3-BF4B-00C04F79EFBC}") = "DataClasses", "..\Commons\DataClasses\DataClasses.csproj", "{D304625D-1DF4-4673-801F-66AD7C9D626C}"
EndProject
Project("{2150E333-8FDC-42A3-9474-1A3956D46DE8}") = "ServerExclusives", "ServerExclusives", "{A87ECD21-E1EC-4664-A7F6-AC6865B88C00}"
EndProject
Project("{FAE04EC0-301F-11D3-BF4B-00C04F79EFBC}") = "Sockets", "Sockets\Sockets.csproj", "{7CB9DE0F-5B5F-4ED5-AA63-D7048D086A2C}"
EndProject
Project("{FAE04EC0-301F-11D3-BF4B-00C04F79EFBC}") = "Interfaces", "Interfaces\Interfaces.csproj", "{6738671A-C362-436E-ABB5-1C8273855B5F}"
EndProject
Project("{FAE04EC0-301F-11D3-BF4B-00C04F79EFBC}") = "DBManagers", "DBManagers\DBManagers.csproj", "{2E2ED455-F1CF-4C89-9BA3-9F55F7953138}"
EndProject
Project("{FAE04EC0-301F-11D3-BF4B-00C04F79EFBC}") = "InitialClientActions", "InitialClientActions\InitialClientActions.csproj", "{580CD810-989D-4668-A074-58F5F3738D7D}"
EndProject
Project("{FAE04EC0-301F-11D3-BF4B-00C04F79EFBC}") = "Tests", "Tests\Tests.csproj", "{47F644C2-967F-4D62-B22F-341157FD02A5}"
EndProject
Global
	GlobalSection(SolutionConfigurationPlatforms) = preSolution
		Debug|Any CPU = Debug|Any CPU
		Release|Any CPU = Release|Any CPU
	EndGlobalSection
	GlobalSection(ProjectConfigurationPlatforms) = postSolution
		{316E2666-A258-4FC2-BD77-825C72F84140}.Debug|Any CPU.ActiveCfg = Debug|Any CPU
		{316E2666-A258-4FC2-BD77-825C72F84140}.Debug|Any CPU.Build.0 = Debug|Any CPU
		{316E2666-A258-4FC2-BD77-825C72F84140}.Release|Any CPU.ActiveCfg = Release|Any CPU
		{316E2666-A258-4FC2-BD77-825C72F84140}.Release|Any CPU.Build.0 = Release|Any CPU
		{9E04AC68-8AED-4254-9EC0-873258916666}.Debug|Any CPU.ActiveCfg = Debug|Any CPU
		{9E04AC68-8AED-4254-9EC0-873258916666}.Debug|Any CPU.Build.0 = Debug|Any CPU
		{9E04AC68-8AED-4254-9EC0-873258916666}.Release|Any CPU.ActiveCfg = Release|Any CPU
		{9E04AC68-8AED-4254-9EC0-873258916666}.Release|Any CPU.Build.0 = Release|Any CPU
		{4B0457E4-230B-45D9-AB5F-125BC053BA23}.Debug|Any CPU.ActiveCfg = Debug|Any CPU
		{4B0457E4-230B-45D9-AB5F-125BC053BA23}.Debug|Any CPU.Build.0 = Debug|Any CPU
		{4B0457E4-230B-45D9-AB5F-125BC053BA23}.Release|Any CPU.ActiveCfg = Release|Any CPU
		{4B0457E4-230B-45D9-AB5F-125BC053BA23}.Release|Any CPU.Build.0 = Release|Any CPU
		{F015C7E7-8FC9-48F9-AF00-EEB44B0BEC7C}.Debug|Any CPU.ActiveCfg = Debug|Any CPU
		{F015C7E7-8FC9-48F9-AF00-EEB44B0BEC7C}.Debug|Any CPU.Build.0 = Debug|Any CPU
		{F015C7E7-8FC9-48F9-AF00-EEB44B0BEC7C}.Release|Any CPU.ActiveCfg = Release|Any CPU
		{F015C7E7-8FC9-48F9-AF00-EEB44B0BEC7C}.Release|Any CPU.Build.0 = Release|Any CPU
		{D304625D-1DF4-4673-801F-66AD7C9D626C}.Debug|Any CPU.ActiveCfg = Debug|Any CPU
		{D304625D-1DF4-4673-801F-66AD7C9D626C}.Debug|Any CPU.Build.0 = Debug|Any CPU
		{D304625D-1DF4-4673-801F-66AD7C9D626C}.Release|Any CPU.ActiveCfg = Release|Any CPU
		{D304625D-1DF4-4673-801F-66AD7C9D626C}.Release|Any CPU.Build.0 = Release|Any CPU
		{7CB9DE0F-5B5F-4ED5-AA63-D7048D086A2C}.Debug|Any CPU.ActiveCfg = Debug|Any CPU
		{7CB9DE0F-5B5F-4ED5-AA63-D7048D086A2C}.Debug|Any CPU.Build.0 = Debug|Any CPU
		{7CB9DE0F-5B5F-4ED5-AA63-D7048D086A2C}.Release|Any CPU.ActiveCfg = Release|Any CPU
		{7CB9DE0F-5B5F-4ED5-AA63-D7048D086A2C}.Release|Any CPU.Build.0 = Release|Any CPU
		{6738671A-C362-436E-ABB5-1C8273855B5F}.Debug|Any CPU.ActiveCfg = Debug|Any CPU
		{6738671A-C362-436E-ABB5-1C8273855B5F}.Debug|Any CPU.Build.0 = Debug|Any CPU
		{6738671A-C362-436E-ABB5-1C8273855B5F}.Release|Any CPU.ActiveCfg = Release|Any CPU
		{6738671A-C362-436E-ABB5-1C8273855B5F}.Release|Any CPU.Build.0 = Release|Any CPU
		{2E2ED455-F1CF-4C89-9BA3-9F55F7953138}.Debug|Any CPU.ActiveCfg = Debug|Any CPU
		{2E2ED455-F1CF-4C89-9BA3-9F55F7953138}.Debug|Any CPU.Build.0 = Debug|Any CPU
		{2E2ED455-F1CF-4C89-9BA3-9F55F7953138}.Release|Any CPU.ActiveCfg = Release|Any CPU
		{2E2ED455-F1CF-4C89-9BA3-9F55F7953138}.Release|Any CPU.Build.0 = Release|Any CPU
		{580CD810-989D-4668-A074-58F5F3738D7D}.Debug|Any CPU.ActiveCfg = Debug|Any CPU
		{580CD810-989D-4668-A074-58F5F3738D7D}.Debug|Any CPU.Build.0 = Debug|Any CPU
		{580CD810-989D-4668-A074-58F5F3738D7D}.Release|Any CPU.ActiveCfg = Release|Any CPU
		{580CD810-989D-4668-A074-58F5F3738D7D}.Release|Any CPU.Build.0 = Release|Any CPU
		{47F644C2-967F-4D62-B22F-341157FD02A5}.Debug|Any CPU.ActiveCfg = Debug|Any CPU
		{47F644C2-967F-4D62-B22F-341157FD02A5}.Debug|Any CPU.Build.0 = Debug|Any CPU
		{47F644C2-967F-4D62-B22F-341157FD02A5}.Release|Any CPU.ActiveCfg = Release|Any CPU
		{47F644C2-967F-4D62-B22F-341157FD02A5}.Release|Any CPU.Build.0 = Release|Any CPU
	EndGlobalSection
	GlobalSection(SolutionProperties) = preSolution
		HideSolutionNode = FALSE
	EndGlobalSection
	GlobalSection(NestedProjects) = preSolution
		{316E2666-A258-4FC2-BD77-825C72F84140} = {A87ECD21-E1EC-4664-A7F6-AC6865B88C00}
		{9E04AC68-8AED-4254-9EC0-873258916666} = {8BA0A615-AAFA-42DA-83F5-B883F59675BF}
		{4B0457E4-230B-45D9-AB5F-125BC053BA23} = {8BA0A615-AAFA-42DA-83F5-B883F59675BF}
		{F015C7E7-8FC9-48F9-AF00-EEB44B0BEC7C} = {8BA0A615-AAFA-42DA-83F5-B883F59675BF}
		{D304625D-1DF4-4673-801F-66AD7C9D626C} = {8BA0A615-AAFA-42DA-83F5-B883F59675BF}
		{7CB9DE0F-5B5F-4ED5-AA63-D7048D086A2C} = {A87ECD21-E1EC-4664-A7F6-AC6865B88C00}
		{6738671A-C362-436E-ABB5-1C8273855B5F} = {A87ECD21-E1EC-4664-A7F6-AC6865B88C00}
		{2E2ED455-F1CF-4C89-9BA3-9F55F7953138} = {A87ECD21-E1EC-4664-A7F6-AC6865B88C00}
		{580CD810-989D-4668-A074-58F5F3738D7D} = {A87ECD21-E1EC-4664-A7F6-AC6865B88C00}
	EndGlobalSection
EndGlobal
